
Microsoft Visual Studio Solution File, Format Version 12.00
# Visual Studio Version 17
VisualStudioVersion = 17.4.33213.308
MinimumVisualStudioVersion = 10.0.40219.1
Project("{9A19103F-16F7-4668-BE54-9A1E7A4F7556}") = "Cube.Api", "Cube.API\Cube.Api.csproj", "{D0AFDFF3-6346-4390-9D42-FD4147E6A490}"
EndProject
Project("{9A19103F-16F7-4668-BE54-9A1E7A4F7556}") = "Cube.RestApi", "Cube.RESTAPI\Cube.RestApi.csproj", "{F012B787-6963-46E5-8BC8-EFEA9F4EB620}"
EndProject
Global
	GlobalSection(SolutionConfigurationPlatforms) = preSolution
		Debug|Any CPU = Debug|Any CPU
		Release|Any CPU = Release|Any CPU
	EndGlobalSection
	GlobalSection(ProjectConfigurationPlatforms) = postSolution
		{D0AFDFF3-6346-4390-9D42-FD4147E6A490}.Debug|Any CPU.ActiveCfg = Debug|Any CPU
		{D0AFDFF3-6346-4390-9D42-FD4147E6A490}.Debug|Any CPU.Build.0 = Debug|Any CPU
		{D0AFDFF3-6346-4390-9D42-FD4147E6A490}.Release|Any CPU.ActiveCfg = Release|Any CPU
		{D0AFDFF3-6346-4390-9D42-FD4147E6A490}.Release|Any CPU.Build.0 = Release|Any CPU
		{F012B787-6963-46E5-8BC8-EFEA9F4EB620}.Debug|Any CPU.ActiveCfg = Debug|Any CPU
		{F012B787-6963-46E5-8BC8-EFEA9F4EB620}.Debug|Any CPU.Build.0 = Debug|Any CPU
		{F012B787-6963-46E5-8BC8-EFEA9F4EB620}.Release|Any CPU.ActiveCfg = Release|Any CPU
		{F012B787-6963-46E5-8BC8-EFEA9F4EB620}.Release|Any CPU.Build.0 = Release|Any CPU
	EndGlobalSection
	GlobalSection(SolutionProperties) = preSolution
		HideSolutionNode = FALSE
	EndGlobalSection
	GlobalSection(ExtensibilityGlobals) = postSolution
		SolutionGuid = {7EA06306-468B-46EF-8163-D6D659D60B9A}
	EndGlobalSection
EndGlobal
